// !$*UTF8*$!
{
	archiveVersion = 1;
	classes = {
	};
	objectVersion = 50;
	objects = {

/* Begin PBXBuildFile section */
		B14A03D626114342001494B9 /* AppDelegate.swift in Sources */ = {isa = PBXBuildFile; fileRef = B14A03D526114342001494B9 /* AppDelegate.swift */; };
		B14A03D826114342001494B9 /* SceneDelegate.swift in Sources */ = {isa = PBXBuildFile; fileRef = B14A03D726114342001494B9 /* SceneDelegate.swift */; };
		B14A03DA26114342001494B9 /* ViewController.swift in Sources */ = {isa = PBXBuildFile; fileRef = B14A03D926114342001494B9 /* ViewController.swift */; };
		B14A03DD26114342001494B9 /* Main.storyboard in Resources */ = {isa = PBXBuildFile; fileRef = B14A03DB26114342001494B9 /* Main.storyboard */; };
		B14A03DF26114349001494B9 /* Assets.xcassets in Resources */ = {isa = PBXBuildFile; fileRef = B14A03DE26114349001494B9 /* Assets.xcassets */; };
		B14A03E226114349001494B9 /* LaunchScreen.storyboard in Resources */ = {isa = PBXBuildFile; fileRef = B14A03E026114349001494B9 /* LaunchScreen.storyboard */; };
		B14A03F2261145B6001494B9 /* TableViewController.swift in Sources */ = {isa = PBXBuildFile; fileRef = B14A03F1261145B6001494B9 /* TableViewController.swift */; };
		B14A03F92611497A001494B9 /* TextFieldController.swift in Sources */ = {isa = PBXBuildFile; fileRef = B14A03F82611497A001494B9 /* TextFieldController.swift */; };
/* End PBXBuildFile section */

/* Begin PBXFileReference section */
		B14A03D226114342001494B9 /* ShoppingMemo.app */ = {isa = PBXFileReference; explicitFileType = wrapper.application; includeInIndex = 0; path = ShoppingMemo.app; sourceTree = BUILT_PRODUCTS_DIR; };
		B14A03D526114342001494B9 /* AppDelegate.swift */ = {isa = PBXFileReference; lastKnownFileType = sourcecode.swift; path = AppDelegate.swift; sourceTree = "<group>"; };
		B14A03D726114342001494B9 /* SceneDelegate.swift */ = {isa = PBXFileReference; lastKnownFileType = sourcecode.swift; path = SceneDelegate.swift; sourceTree = "<group>"; };
		B14A03D926114342001494B9 /* ViewController.swift */ = {isa = PBXFileReference; lastKnownFileType = sourcecode.swift; path = ViewController.swift; sourceTree = "<group>"; };
		B14A03DC26114342001494B9 /* Base */ = {isa = PBXFileReference; lastKnownFileType = file.storyboard; name = Base; path = Base.lproj/Main.storyboard; sourceTree = "<group>"; };
		B14A03DE26114349001494B9 /* Assets.xcassets */ = {isa = PBXFileReference; lastKnownFileType = folder.assetcatalog; path = Assets.xcassets; sourceTree = "<group>"; };
		B14A03E126114349001494B9 /* Base */ = {isa = PBXFileReference; lastKnownFileType = file.storyboard; name = Base; path = Base.lproj/LaunchScreen.storyboard; sourceTree = "<group>"; };
		B14A03E326114349001494B9 /* Info.plist */ = {isa = PBXFileReference; lastKnownFileType = text.plist.xml; path = Info.plist; sourceTree = "<group>"; };
		B14A03F1261145B6001494B9 /* TableViewController.swift */ = {isa = PBXFileReference; lastKnownFileType = sourcecode.swift; path = TableViewController.swift; sourceTree = "<group>"; };
		B14A03F82611497A001494B9 /* TextFieldController.swift */ = {isa = PBXFileReference; lastKnownFileType = sourcecode.swift; path = TextFieldController.swift; sourceTree = "<group>"; };
/* End PBXFileReference section */

/* Begin PBXFrameworksBuildPhase section */
		B14A03CF26114342001494B9 /* Frameworks */ = {
			isa = PBXFrameworksBuildPhase;
			buildActionMask = 2147483647;
			files = (
			);
			runOnlyForDeploymentPostprocessing = 0;
		};
/* End PBXFrameworksBuildPhase section */

/* Begin PBXGroup section */
		B14A03C926114342001494B9 = {
			isa = PBXGroup;
			children = (
				B14A03D426114342001494B9 /* ShoppingMemo */,
				B14A03D326114342001494B9 /* Products */,
			);
			sourceTree = "<group>";
		};
		B14A03D326114342001494B9 /* Products */ = {
			isa = PBXGroup;
			children = (
				B14A03D226114342001494B9 /* ShoppingMemo.app */,
			);
			name = Products;
			sourceTree = "<group>";
		};
		B14A03D426114342001494B9 /* ShoppingMemo */ = {
			isa = PBXGroup;
			children = (
				B14A03EA2611450D001494B9 /* resources */,
				B14A03E326114349001494B9 /* Info.plist */,
			);
			path = ShoppingMemo;
			sourceTree = "<group>";
		};
		B14A03EA2611450D001494B9 /* resources */ = {
			isa = PBXGroup;
			children = (
				B14A03D726114342001494B9 /* SceneDelegate.swift */,
				B14A03DE26114349001494B9 /* Assets.xcassets */,
				B14A03EB26114515001494B9 /* src */,
			);
			path = resources;
			sourceTree = "<group>";
		};
		B14A03EB26114515001494B9 /* src */ = {
			isa = PBXGroup;
			children = (
				B14A03D526114342001494B9 /* AppDelegate.swift */,
				B14A03EE2611454C001494B9 /* model */,
				B14A03ED26114545001494B9 /* view */,
				B14A03EC2611453E001494B9 /* controller */,
			);
			path = src;
			sourceTree = "<group>";
		};
		B14A03EC2611453E001494B9 /* controller */ = {
			isa = PBXGroup;
			children = (
				B14A03D926114342001494B9 /* ViewController.swift */,
				B14A03F1261145B6001494B9 /* TableViewController.swift */,
				B14A03F82611497A001494B9 /* TextFieldController.swift */,
			);
			path = controller;
			sourceTree = "<group>";
		};
		B14A03ED26114545001494B9 /* view */ = {
			isa = PBXGroup;
			children = (
				B14A03DB26114342001494B9 /* Main.storyboard */,
				B14A03E026114349001494B9 /* LaunchScreen.storyboard */,
			);
			path = view;
			sourceTree = "<group>";
		};
		B14A03EE2611454C001494B9 /* model */ = {
			isa = PBXGroup;
			children = (
			);
			path = model;
			sourceTree = "<group>";
		};
/* End PBXGroup section */

/* Begin PBXNativeTarget section */
		B14A03D126114342001494B9 /* ShoppingMemo */ = {
			isa = PBXNativeTarget;
			buildConfigurationList = B14A03E626114349001494B9 /* Build configuration list for PBXNativeTarget "ShoppingMemo" */;
			buildPhases = (
				B14A03CE26114342001494B9 /* Sources */,
				B14A03CF26114342001494B9 /* Frameworks */,
				B14A03D026114342001494B9 /* Resources */,
			);
			buildRules = (
			);
			dependencies = (
			);
			name = ShoppingMemo;
			productName = ShoppingMemo;
			productReference = B14A03D226114342001494B9 /* ShoppingMemo.app */;
			productType = "com.apple.product-type.application";
		};
/* End PBXNativeTarget section */

/* Begin PBXProject section */
		B14A03CA26114342001494B9 /* Project object */ = {
			isa = PBXProject;
			attributes = {
				LastSwiftUpdateCheck = 1240;
				LastUpgradeCheck = 1240;
				TargetAttributes = {
					B14A03D126114342001494B9 = {
						CreatedOnToolsVersion = 12.4;
					};
				};
			};
			buildConfigurationList = B14A03CD26114342001494B9 /* Build configuration list for PBXProject "ShoppingMemo" */;
			compatibilityVersion = "Xcode 9.3";
			developmentRegion = en;
			hasScannedForEncodings = 0;
			knownRegions = (
				en,
				Base,
			);
			mainGroup = B14A03C926114342001494B9;
			productRefGroup = B14A03D326114342001494B9 /* Products */;
			projectDirPath = "";
			projectRoot = "";
			targets = (
				B14A03D126114342001494B9 /* ShoppingMemo */,
			);
		};
/* End PBXProject section */

/* Begin PBXResourcesBuildPhase section */
		B14A03D026114342001494B9 /* Resources */ = {
			isa = PBXResourcesBuildPhase;
			buildActionMask = 2147483647;
			files = (
				B14A03E226114349001494B9 /* LaunchScreen.storyboard in Resources */,
				B14A03DF26114349001494B9 /* Assets.xcassets in Resources */,
				B14A03DD26114342001494B9 /* Main.storyboard in Resources */,
			);
			runOnlyForDeploymentPostprocessing = 0;
		};
/* End PBXResourcesBuildPhase section */

/* Begin PBXSourcesBuildPhase section */
		B14A03CE26114342001494B9 /* Sources */ = {
			isa = PBXSourcesBuildPhase;
			buildActionMask = 2147483647;
			files = (
				B14A03DA26114342001494B9 /* ViewController.swift in Sources */,
				B14A03F92611497A001494B9 /* TextFieldController.swift in Sources */,
				B14A03D626114342001494B9 /* AppDelegate.swift in Sources */,
				B14A03D826114342001494B9 /* SceneDelegate.swift in Sources */,
				B14A03F2261145B6001494B9 /* TableViewController.swift in Sources */,
			);
			runOnlyForDeploymentPostprocessing = 0;
		};
/* End PBXSourcesBuildPhase section */

/* Begin PBXVariantGroup section */
		B14A03DB26114342001494B9 /* Main.storyboard */ = {
			isa = PBXVariantGroup;
			children = (
				B14A03DC26114342001494B9 /* Base */,
			);
			name = Main.storyboard;
			sourceTree = "<group>";
		};
		B14A03E026114349001494B9 /* LaunchScreen.storyboard */ = {
			isa = PBXVariantGroup;
			children = (
				B14A03E126114349001494B9 /* Base */,
			);
			name = LaunchScreen.storyboard;
			sourceTree = "<group>";
		};
/* End PBXVariantGroup section */

/* Begin XCBuildConfiguration section */
		B14A03E426114349001494B9 /* Debug */ = {
			isa = XCBuildConfiguration;
			buildSettings = {
				ALWAYS_SEARCH_USER_PATHS = NO;
				CLANG_ANALYZER_NONNULL = YES;
				CLANG_ANALYZER_NUMBER_OBJECT_CONVERSION = YES_AGGRESSIVE;
				CLANG_CXX_LANGUAGE_STANDARD = "gnu++14";
				CLANG_CXX_LIBRARY = "libc++";
				CLANG_ENABLE_MODULES = YES;
				CLANG_ENABLE_OBJC_ARC = YES;
				CLANG_ENABLE_OBJC_WEAK = YES;
				CLANG_WARN_BLOCK_CAPTURE_AUTORELEASING = YES;
				CLANG_WARN_BOOL_CONVERSION = YES;
				CLANG_WARN_COMMA = YES;
				CLANG_WARN_CONSTANT_CONVERSION = YES;
				CLANG_WARN_DEPRECATED_OBJC_IMPLEMENTATIONS = YES;
				CLANG_WARN_DIRECT_OBJC_ISA_USAGE = YES_ERROR;
				CLANG_WARN_DOCUMENTATION_COMMENTS = YES;
				CLANG_WARN_EMPTY_BODY = YES;
				CLANG_WARN_ENUM_CONVERSION = YES;
				CLANG_WARN_INFINITE_RECURSION = YES;
				CLANG_WARN_INT_CONVERSION = YES;
				CLANG_WARN_NON_LITERAL_NULL_CONVERSION = YES;
				CLANG_WARN_OBJC_IMPLICIT_RETAIN_SELF = YES;
				CLANG_WARN_OBJC_LITERAL_CONVERSION = YES;
				CLANG_WARN_OBJC_ROOT_CLASS = YES_ERROR;
				CLANG_WARN_QUOTED_INCLUDE_IN_FRAMEWORK_HEADER = YES;
				CLANG_WARN_RANGE_LOOP_ANALYSIS = YES;
				CLANG_WARN_STRICT_PROTOTYPES = YES;
				CLANG_WARN_SUSPICIOUS_MOVE = YES;
				CLANG_WARN_UNGUARDED_AVAILABILITY = YES_AGGRESSIVE;
				CLANG_WARN_UNREACHABLE_CODE = YES;
				CLANG_WARN__DUPLICATE_METHOD_MATCH = YES;
				COPY_PHASE_STRIP = NO;
				DEBUG_INFORMATION_FORMAT = dwarf;
				ENABLE_STRICT_OBJC_MSGSEND = YES;
				ENABLE_TESTABILITY = YES;
				GCC_C_LANGUAGE_STANDARD = gnu11;
				GCC_DYNAMIC_NO_PIC = NO;
				GCC_NO_COMMON_BLOCKS = YES;
				GCC_OPTIMIZATION_LEVEL = 0;
				GCC_PREPROCESSOR_DEFINITIONS = (
					"DEBUG=1",
					"$(inherited)",
				);
				GCC_WARN_64_TO_32_BIT_CONVERSION = YES;
				GCC_WARN_ABOUT_RETURN_TYPE = YES_ERROR;
				GCC_WARN_UNDECLARED_SELECTOR = YES;
				GCC_WARN_UNINITIALIZED_AUTOS = YES_AGGRESSIVE;
				GCC_WARN_UNUSED_FUNCTION = YES;
				GCC_WARN_UNUSED_VARIABLE = YES;
				IPHONEOS_DEPLOYMENT_TARGET = 14.4;
				MTL_ENABLE_DEBUG_INFO = INCLUDE_SOURCE;
				MTL_FAST_MATH = YES;
				ONLY_ACTIVE_ARCH = YES;
				SDKROOT = iphoneos;
				SWIFT_ACTIVE_COMPILATION_CONDITIONS = DEBUG;
				SWIFT_OPTIMIZATION_LEVEL = "-Onone";
			};
			name = Debug;
		};
		B14A03E526114349001494B9 /* Release */ = {
			isa = XCBuildConfiguration;
			buildSettings = {
				ALWAYS_SEARCH_USER_PATHS = NO;
				CLANG_ANALYZER_NONNULL = YES;
				CLANG_ANALYZER_NUMBER_OBJECT_CONVERSION = YES_AGGRESSIVE;
				CLANG_CXX_LANGUAGE_STANDARD = "gnu++14";
				CLANG_CXX_LIBRARY = "libc++";
				CLANG_ENABLE_MODULES = YES;
				CLANG_ENABLE_OBJC_ARC = YES;
				CLANG_ENABLE_OBJC_WEAK = YES;
				CLANG_WARN_BLOCK_CAPTURE_AUTORELEASING = YES;
				CLANG_WARN_BOOL_CONVERSION = YES;
				CLANG_WARN_COMMA = YES;
				CLANG_WARN_CONSTANT_CONVERSION = YES;
				CLANG_WARN_DEPRECATED_OBJC_IMPLEMENTATIONS = YES;
				CLANG_WARN_DIRECT_OBJC_ISA_USAGE = YES_ERROR;
				CLANG_WARN_DOCUMENTATION_COMMENTS = YES;
				CLANG_WARN_EMPTY_BODY = YES;
				CLANG_WARN_ENUM_CONVERSION = YES;
				CLANG_WARN_INFINITE_RECURSION = YES;
				CLANG_WARN_INT_CONVERSION = YES;
				CLANG_WARN_NON_LITERAL_NULL_CONVERSION = YES;
				CLANG_WARN_OBJC_IMPLICIT_RETAIN_SELF = YES;
				CLANG_WARN_OBJC_LITERAL_CONVERSION = YES;
				CLANG_WARN_OBJC_ROOT_CLASS = YES_ERROR;
				CLANG_WARN_QUOTED_INCLUDE_IN_FRAMEWORK_HEADER = YES;
				CLANG_WARN_RANGE_LOOP_ANALYSIS = YES;
				CLANG_WARN_STRICT_PROTOTYPES = YES;
				CLANG_WARN_SUSPICIOUS_MOVE = YES;
				CLANG_WARN_UNGUARDED_AVAILABILITY = YES_AGGRESSIVE;
				CLANG_WARN_UNREACHABLE_CODE = YES;
				CLANG_WARN__DUPLICATE_METHOD_MATCH = YES;
				COPY_PHASE_STRIP = NO;
				DEBUG_INFORMATION_FORMAT = "dwarf-with-dsym";
				ENABLE_NS_ASSERTIONS = NO;
				ENABLE_STRICT_OBJC_MSGSEND = YES;
				GCC_C_LANGUAGE_STANDARD = gnu11;
				GCC_NO_COMMON_BLOCKS = YES;
				GCC_WARN_64_TO_32_BIT_CONVERSION = YES;
				GCC_WARN_ABOUT_RETURN_TYPE = YES_ERROR;
				GCC_WARN_UNDECLARED_SELECTOR = YES;
				GCC_WARN_UNINITIALIZED_AUTOS = YES_AGGRESSIVE;
				GCC_WARN_UNUSED_FUNCTION = YES;
				GCC_WARN_UNUSED_VARIABLE = YES;
				IPHONEOS_DEPLOYMENT_TARGET = 14.4;
				MTL_ENABLE_DEBUG_INFO = NO;
				MTL_FAST_MATH = YES;
				SDKROOT = iphoneos;
				SWIFT_COMPILATION_MODE = wholemodule;
				SWIFT_OPTIMIZATION_LEVEL = "-O";
				VALIDATE_PRODUCT = YES;
			};
			name = Release;
		};
		B14A03E726114349001494B9 /* Debug */ = {
			isa = XCBuildConfiguration;
			buildSettings = {
				ASSETCATALOG_COMPILER_APPICON_NAME = AppIcon;
				ASSETCATALOG_COMPILER_GLOBAL_ACCENT_COLOR_NAME = AccentColor;
				CODE_SIGN_STYLE = Automatic;
				DEVELOPMENT_TEAM = SU8T54KMJ6;
				INFOPLIST_FILE = ShoppingMemo/Info.plist;
				LD_RUNPATH_SEARCH_PATHS = (
					"$(inherited)",
					"@executable_path/Frameworks",
				);
				PRODUCT_BUNDLE_IDENTIFIER = com.teruaki.ShoppingMemo;
				PRODUCT_NAME = "$(TARGET_NAME)";
				SWIFT_VERSION = 5.0;
				TARGETED_DEVICE_FAMILY = "1,2";
			};
			name = Debug;
		};
		B14A03E826114349001494B9 /* Release */ = {
			isa = XCBuildConfiguration;
			buildSettings = {
				ASSETCATALOG_COMPILER_APPICON_NAME = AppIcon;
				ASSETCATALOG_COMPILER_GLOBAL_ACCENT_COLOR_NAME = AccentColor;
				CODE_SIGN_STYLE = Automatic;
				DEVELOPMENT_TEAM = SU8T54KMJ6;
				INFOPLIST_FILE = ShoppingMemo/Info.plist;
				LD_RUNPATH_SEARCH_PATHS = (
					"$(inherited)",
					"@executable_path/Frameworks",
				);
				PRODUCT_BUNDLE_IDENTIFIER = com.teruaki.ShoppingMemo;
				PRODUCT_NAME = "$(TARGET_NAME)";
				SWIFT_VERSION = 5.0;
				TARGETED_DEVICE_FAMILY = "1,2";
			};
			name = Release;
		};
/* End XCBuildConfiguration section */

/* Begin XCConfigurationList section */
		B14A03CD26114342001494B9 /* Build configuration list for PBXProject "ShoppingMemo" */ = {
			isa = XCConfigurationList;
			buildConfigurations = (
				B14A03E426114349001494B9 /* Debug */,
				B14A03E526114349001494B9 /* Release */,
			);
			defaultConfigurationIsVisible = 0;
			defaultConfigurationName = Release;
		};
		B14A03E626114349001494B9 /* Build configuration list for PBXNativeTarget "ShoppingMemo" */ = {
			isa = XCConfigurationList;
			buildConfigurations = (
				B14A03E726114349001494B9 /* Debug */,
				B14A03E826114349001494B9 /* Release */,
			);
			defaultConfigurationIsVisible = 0;
			defaultConfigurationName = Release;
		};
/* End XCConfigurationList section */
	};
	rootObject = B14A03CA26114342001494B9 /* Project object */;
}
